
Microsoft Visual Studio Solution File, Format Version 12.00
# Visual Studio Version 17
VisualStudioVersion = 17.5.33424.131
MinimumVisualStudioVersion = 10.0.40219.1
Project("{FAE04EC0-301F-11D3-BF4B-00C04F79EFBC}") = "6월2일_3", "6월2일_3.csproj", "{FA3B9CD2-9D2C-4C3D-AEAF-F3F25CC7683C}"
EndProject
Global
	GlobalSection(SolutionConfigurationPlatforms) = preSolution
		Debug|Any CPU = Debug|Any CPU
		Release|Any CPU = Release|Any CPU
	EndGlobalSection
	GlobalSection(ProjectConfigurationPlatforms) = postSolution
		{FA3B9CD2-9D2C-4C3D-AEAF-F3F25CC7683C}.Debug|Any CPU.ActiveCfg = Debug|Any CPU
		{FA3B9CD2-9D2C-4C3D-AEAF-F3F25CC7683C}.Debug|Any CPU.Build.0 = Debug|Any CPU
		{FA3B9CD2-9D2C-4C3D-AEAF-F3F25CC7683C}.Release|Any CPU.ActiveCfg = Release|Any CPU
		{FA3B9CD2-9D2C-4C3D-AEAF-F3F25CC7683C}.Release|Any CPU.Build.0 = Release|Any CPU
	EndGlobalSection
	GlobalSection(SolutionProperties) = preSolution
		HideSolutionNode = FALSE
	EndGlobalSection
	GlobalSection(ExtensibilityGlobals) = postSolution
		SolutionGuid = {C78A1A83-045E-40FF-8751-2122200E5A17}
	EndGlobalSection
EndGlobal
