
Microsoft Visual Studio Solution File, Format Version 12.00
# Visual Studio Version 16
VisualStudioVersion = 25.0.1706.0
MinimumVisualStudioVersion = 10.0.40219.1
Project("{FAE04EC0-301F-11D3-BF4B-00C04F79EFBC}") = "4월7일", "4월7일.csproj", "{DD8855B2-13C4-4BF8-BD63-5D3B4EAE1064}"
EndProject
Global
	GlobalSection(SolutionConfigurationPlatforms) = preSolution
		Debug|Any CPU = Debug|Any CPU
		Release|Any CPU = Release|Any CPU
	EndGlobalSection
	GlobalSection(ProjectConfigurationPlatforms) = postSolution
		{DD8855B2-13C4-4BF8-BD63-5D3B4EAE1064}.Debug|Any CPU.ActiveCfg = Debug|Any CPU
		{DD8855B2-13C4-4BF8-BD63-5D3B4EAE1064}.Debug|Any CPU.Build.0 = Debug|Any CPU
		{DD8855B2-13C4-4BF8-BD63-5D3B4EAE1064}.Release|Any CPU.ActiveCfg = Release|Any CPU
		{DD8855B2-13C4-4BF8-BD63-5D3B4EAE1064}.Release|Any CPU.Build.0 = Release|Any CPU
	EndGlobalSection
	GlobalSection(SolutionProperties) = preSolution
		HideSolutionNode = FALSE
	EndGlobalSection
	GlobalSection(ExtensibilityGlobals) = postSolution
		SolutionGuid = {6A75298E-FF44-4F03-9295-F9433B8D3CC6}
	EndGlobalSection
EndGlobal
