
Microsoft Visual Studio Solution File, Format Version 12.00
# Visual Studio Version 16
VisualStudioVersion = 25.0.1706.0
MinimumVisualStudioVersion = 10.0.40219.1
Project("{FAE04EC0-301F-11D3-BF4B-00C04F79EFBC}") = "5월15일", "5월15일.csproj", "{A637D211-1C81-4170-9BBF-3B799B918771}"
EndProject
Global
	GlobalSection(SolutionConfigurationPlatforms) = preSolution
		Debug|Any CPU = Debug|Any CPU
		Release|Any CPU = Release|Any CPU
	EndGlobalSection
	GlobalSection(ProjectConfigurationPlatforms) = postSolution
		{A637D211-1C81-4170-9BBF-3B799B918771}.Debug|Any CPU.ActiveCfg = Debug|Any CPU
		{A637D211-1C81-4170-9BBF-3B799B918771}.Debug|Any CPU.Build.0 = Debug|Any CPU
		{A637D211-1C81-4170-9BBF-3B799B918771}.Release|Any CPU.ActiveCfg = Release|Any CPU
		{A637D211-1C81-4170-9BBF-3B799B918771}.Release|Any CPU.Build.0 = Release|Any CPU
	EndGlobalSection
	GlobalSection(SolutionProperties) = preSolution
		HideSolutionNode = FALSE
	EndGlobalSection
	GlobalSection(ExtensibilityGlobals) = postSolution
		SolutionGuid = {390BD00C-F7E3-4129-A92B-68CB2D6F5A00}
	EndGlobalSection
EndGlobal
