
Microsoft Visual Studio Solution File, Format Version 12.00
# Visual Studio Version 17
VisualStudioVersion = 17.5.33424.131
MinimumVisualStudioVersion = 10.0.40219.1
Project("{FAE04EC0-301F-11D3-BF4B-00C04F79EFBC}") = "6월5일-2", "6월5일-2.csproj", "{308D96B3-3C44-4F6B-B292-7346FF724F0B}"
EndProject
Global
	GlobalSection(SolutionConfigurationPlatforms) = preSolution
		Debug|Any CPU = Debug|Any CPU
		Release|Any CPU = Release|Any CPU
	EndGlobalSection
	GlobalSection(ProjectConfigurationPlatforms) = postSolution
		{308D96B3-3C44-4F6B-B292-7346FF724F0B}.Debug|Any CPU.ActiveCfg = Debug|Any CPU
		{308D96B3-3C44-4F6B-B292-7346FF724F0B}.Debug|Any CPU.Build.0 = Debug|Any CPU
		{308D96B3-3C44-4F6B-B292-7346FF724F0B}.Release|Any CPU.ActiveCfg = Release|Any CPU
		{308D96B3-3C44-4F6B-B292-7346FF724F0B}.Release|Any CPU.Build.0 = Release|Any CPU
	EndGlobalSection
	GlobalSection(SolutionProperties) = preSolution
		HideSolutionNode = FALSE
	EndGlobalSection
	GlobalSection(ExtensibilityGlobals) = postSolution
		SolutionGuid = {EABBAFB6-C32E-4534-87E7-E09A60A85BCA}
	EndGlobalSection
EndGlobal
