
Microsoft Visual Studio Solution File, Format Version 12.00
# Visual Studio Version 16
VisualStudioVersion = 25.0.1706.0
MinimumVisualStudioVersion = 10.0.40219.1
Project("{FAE04EC0-301F-11D3-BF4B-00C04F79EFBC}") = "4월3일", "4월3일.csproj", "{A54CD37F-CD7E-4E3A-A5D4-EBEE7F918A5D}"
EndProject
Global
	GlobalSection(SolutionConfigurationPlatforms) = preSolution
		Debug|Any CPU = Debug|Any CPU
		Release|Any CPU = Release|Any CPU
	EndGlobalSection
	GlobalSection(ProjectConfigurationPlatforms) = postSolution
		{A54CD37F-CD7E-4E3A-A5D4-EBEE7F918A5D}.Debug|Any CPU.ActiveCfg = Debug|Any CPU
		{A54CD37F-CD7E-4E3A-A5D4-EBEE7F918A5D}.Debug|Any CPU.Build.0 = Debug|Any CPU
		{A54CD37F-CD7E-4E3A-A5D4-EBEE7F918A5D}.Release|Any CPU.ActiveCfg = Release|Any CPU
		{A54CD37F-CD7E-4E3A-A5D4-EBEE7F918A5D}.Release|Any CPU.Build.0 = Release|Any CPU
	EndGlobalSection
	GlobalSection(SolutionProperties) = preSolution
		HideSolutionNode = FALSE
	EndGlobalSection
	GlobalSection(ExtensibilityGlobals) = postSolution
		SolutionGuid = {EBE09E0B-19F6-45A3-A81B-0F5EC7E2E533}
	EndGlobalSection
EndGlobal
