
Microsoft Visual Studio Solution File, Format Version 12.00
# Visual Studio Version 16
VisualStudioVersion = 25.0.1706.0
MinimumVisualStudioVersion = 10.0.40219.1
Project("{FAE04EC0-301F-11D3-BF4B-00C04F79EFBC}") = "4월10일", "4월10일.csproj", "{15137E89-459F-42BA-A202-7AEACF6BFE66}"
EndProject
Global
	GlobalSection(SolutionConfigurationPlatforms) = preSolution
		Debug|Any CPU = Debug|Any CPU
		Release|Any CPU = Release|Any CPU
	EndGlobalSection
	GlobalSection(ProjectConfigurationPlatforms) = postSolution
		{15137E89-459F-42BA-A202-7AEACF6BFE66}.Debug|Any CPU.ActiveCfg = Debug|Any CPU
		{15137E89-459F-42BA-A202-7AEACF6BFE66}.Debug|Any CPU.Build.0 = Debug|Any CPU
		{15137E89-459F-42BA-A202-7AEACF6BFE66}.Release|Any CPU.ActiveCfg = Release|Any CPU
		{15137E89-459F-42BA-A202-7AEACF6BFE66}.Release|Any CPU.Build.0 = Release|Any CPU
	EndGlobalSection
	GlobalSection(SolutionProperties) = preSolution
		HideSolutionNode = FALSE
	EndGlobalSection
	GlobalSection(ExtensibilityGlobals) = postSolution
		SolutionGuid = {605357D4-0747-407C-85D3-8CA83CD0B684}
	EndGlobalSection
EndGlobal
