
Microsoft Visual Studio Solution File, Format Version 12.00
# Visual Studio Version 16
VisualStudioVersion = 25.0.1706.0
MinimumVisualStudioVersion = 10.0.40219.1
Project("{FAE04EC0-301F-11D3-BF4B-00C04F79EFBC}") = "ex81", "ex81.csproj", "{73B8EBF0-9898-4C36-8285-C6543FA7C90E}"
EndProject
Global
	GlobalSection(SolutionConfigurationPlatforms) = preSolution
		Debug|Any CPU = Debug|Any CPU
		Release|Any CPU = Release|Any CPU
	EndGlobalSection
	GlobalSection(ProjectConfigurationPlatforms) = postSolution
		{73B8EBF0-9898-4C36-8285-C6543FA7C90E}.Debug|Any CPU.ActiveCfg = Debug|Any CPU
		{73B8EBF0-9898-4C36-8285-C6543FA7C90E}.Debug|Any CPU.Build.0 = Debug|Any CPU
		{73B8EBF0-9898-4C36-8285-C6543FA7C90E}.Release|Any CPU.ActiveCfg = Release|Any CPU
		{73B8EBF0-9898-4C36-8285-C6543FA7C90E}.Release|Any CPU.Build.0 = Release|Any CPU
	EndGlobalSection
	GlobalSection(SolutionProperties) = preSolution
		HideSolutionNode = FALSE
	EndGlobalSection
	GlobalSection(ExtensibilityGlobals) = postSolution
		SolutionGuid = {1BEDDFB5-8610-4C30-BA8D-AEA527C2AE08}
	EndGlobalSection
EndGlobal
